
Microsoft Visual Studio Solution File, Format Version 12.00
# Visual Studio 14
VisualStudioVersion = 14.0.25123.0
MinimumVisualStudioVersion = 10.0.40219.1
Project("{FAE04EC0-301F-11D3-BF4B-00C04F79EFBC}") = "EducationApp.Droid", "EducationApp\EducationApp.Droid\EducationApp.Droid.csproj", "{BA2547B1-1844-4F43-88F5-E1FF44AE9191}"
EndProject
Project("{FAE04EC0-301F-11D3-BF4B-00C04F79EFBC}") = "EducationApp.iOS", "EducationApp\EducationApp.iOS\EducationApp.iOS.csproj", "{04CEEB80-33DC-480C-86FA-68DC0FE84966}"
EndProject
Project("{FAE04EC0-301F-11D3-BF4B-00C04F79EFBC}") = "EducationApp.WinPhone", "EducationApp\EducationApp.WinPhone\EducationApp.WinPhone.csproj", "{3706A3E0-2808-4287-A7C3-C90B52D6F17A}"
EndProject
Project("{FAE04EC0-301F-11D3-BF4B-00C04F79EFBC}") = "EducationApp", "EducationApp\EducationApp\EducationApp.csproj", "{E8E7E865-ACE5-4F41-8FC1-696E84C3026B}"
EndProject
Project("{FAE04EC0-301F-11D3-BF4B-00C04F79EFBC}") = "EducationApp.UnitTests", "EducationApp.UnitTests\EducationApp.UnitTests.csproj", "{5E64581E-DC55-4001-86DB-2E85792D88A7}"
EndProject
Project("{FAE04EC0-301F-11D3-BF4B-00C04F79EFBC}") = "EducationApp.Metrics", "EducationApp.Metrics\EducationApp.Metrics.csproj", "{7A4CFF5F-5467-446F-8352-903CFFBC9B38}"
EndProject
Global
	GlobalSection(SolutionConfigurationPlatforms) = preSolution
		AppStore|Any CPU = AppStore|Any CPU
		AppStore|ARM = AppStore|ARM
		AppStore|iPhone = AppStore|iPhone
		AppStore|iPhoneSimulator = AppStore|iPhoneSimulator
		AppStore|WP device = AppStore|WP device
		AppStore|WP SIM = AppStore|WP SIM
		AppStore|x86 = AppStore|x86
		Debug|Any CPU = Debug|Any CPU
		Debug|ARM = Debug|ARM
		Debug|iPhone = Debug|iPhone
		Debug|iPhoneSimulator = Debug|iPhoneSimulator
		Debug|WP device = Debug|WP device
		Debug|WP SIM = Debug|WP SIM
		Debug|x86 = Debug|x86
		Release|Any CPU = Release|Any CPU
		Release|ARM = Release|ARM
		Release|iPhone = Release|iPhone
		Release|iPhoneSimulator = Release|iPhoneSimulator
		Release|WP device = Release|WP device
		Release|WP SIM = Release|WP SIM
		Release|x86 = Release|x86
	EndGlobalSection
	GlobalSection(ProjectConfigurationPlatforms) = postSolution
		{BA2547B1-1844-4F43-88F5-E1FF44AE9191}.AppStore|Any CPU.ActiveCfg = Debug|Any CPU
		{BA2547B1-1844-4F43-88F5-E1FF44AE9191}.AppStore|Any CPU.Build.0 = Debug|Any CPU
		{BA2547B1-1844-4F43-88F5-E1FF44AE9191}.AppStore|Any CPU.Deploy.0 = Debug|Any CPU
		{BA2547B1-1844-4F43-88F5-E1FF44AE9191}.AppStore|ARM.ActiveCfg = Release|Any CPU
		{BA2547B1-1844-4F43-88F5-E1FF44AE9191}.AppStore|ARM.Build.0 = Release|Any CPU
		{BA2547B1-1844-4F43-88F5-E1FF44AE9191}.AppStore|ARM.Deploy.0 = Release|Any CPU
		{BA2547B1-1844-4F43-88F5-E1FF44AE9191}.AppStore|iPhone.ActiveCfg = Debug|Any CPU
		{BA2547B1-1844-4F43-88F5-E1FF44AE9191}.AppStore|iPhone.Build.0 = Debug|Any CPU
		{BA2547B1-1844-4F43-88F5-E1FF44AE9191}.AppStore|iPhone.Deploy.0 = Debug|Any CPU
		{BA2547B1-1844-4F43-88F5-E1FF44AE9191}.AppStore|iPhoneSimulator.ActiveCfg = Debug|Any CPU
		{BA2547B1-1844-4F43-88F5-E1FF44AE9191}.AppStore|iPhoneSimulator.Build.0 = Debug|Any CPU
		{BA2547B1-1844-4F43-88F5-E1FF44AE9191}.AppStore|iPhoneSimulator.Deploy.0 = Debug|Any CPU
		{BA2547B1-1844-4F43-88F5-E1FF44AE9191}.AppStore|WP device.ActiveCfg = Release|Any CPU
		{BA2547B1-1844-4F43-88F5-E1FF44AE9191}.AppStore|WP device.Build.0 = Release|Any CPU
		{BA2547B1-1844-4F43-88F5-E1FF44AE9191}.AppStore|WP device.Deploy.0 = Release|Any CPU
		{BA2547B1-1844-4F43-88F5-E1FF44AE9191}.AppStore|WP SIM.ActiveCfg = Release|Any CPU
		{BA2547B1-1844-4F43-88F5-E1FF44AE9191}.AppStore|WP SIM.Build.0 = Release|Any CPU
		{BA2547B1-1844-4F43-88F5-E1FF44AE9191}.AppStore|WP SIM.Deploy.0 = Release|Any CPU
		{BA2547B1-1844-4F43-88F5-E1FF44AE9191}.AppStore|x86.ActiveCfg = Release|x86
		{BA2547B1-1844-4F43-88F5-E1FF44AE9191}.AppStore|x86.Build.0 = Release|x86
		{BA2547B1-1844-4F43-88F5-E1FF44AE9191}.AppStore|x86.Deploy.0 = Release|x86
		{BA2547B1-1844-4F43-88F5-E1FF44AE9191}.Debug|Any CPU.ActiveCfg = Debug|Any CPU
		{BA2547B1-1844-4F43-88F5-E1FF44AE9191}.Debug|Any CPU.Build.0 = Debug|Any CPU
		{BA2547B1-1844-4F43-88F5-E1FF44AE9191}.Debug|Any CPU.Deploy.0 = Debug|Any CPU
		{BA2547B1-1844-4F43-88F5-E1FF44AE9191}.Debug|ARM.ActiveCfg = Debug|Any CPU
		{BA2547B1-1844-4F43-88F5-E1FF44AE9191}.Debug|ARM.Build.0 = Debug|Any CPU
		{BA2547B1-1844-4F43-88F5-E1FF44AE9191}.Debug|iPhone.ActiveCfg = Debug|Any CPU
		{BA2547B1-1844-4F43-88F5-E1FF44AE9191}.Debug|iPhoneSimulator.ActiveCfg = Debug|Any CPU
		{BA2547B1-1844-4F43-88F5-E1FF44AE9191}.Debug|WP device.ActiveCfg = Debug|Any CPU
		{BA2547B1-1844-4F43-88F5-E1FF44AE9191}.Debug|WP SIM.ActiveCfg = Debug|Any CPU
		{BA2547B1-1844-4F43-88F5-E1FF44AE9191}.Debug|x86.ActiveCfg = Debug|x86
		{BA2547B1-1844-4F43-88F5-E1FF44AE9191}.Debug|x86.Build.0 = Debug|x86
		{BA2547B1-1844-4F43-88F5-E1FF44AE9191}.Debug|x86.Deploy.0 = Debug|x86
		{BA2547B1-1844-4F43-88F5-E1FF44AE9191}.Release|Any CPU.ActiveCfg = Release|Any CPU
		{BA2547B1-1844-4F43-88F5-E1FF44AE9191}.Release|Any CPU.Build.0 = Release|Any CPU
		{BA2547B1-1844-4F43-88F5-E1FF44AE9191}.Release|Any CPU.Deploy.0 = Release|Any CPU
		{BA2547B1-1844-4F43-88F5-E1FF44AE9191}.Release|ARM.ActiveCfg = Release|Any CPU
		{BA2547B1-1844-4F43-88F5-E1FF44AE9191}.Release|ARM.Build.0 = Release|Any CPU
		{BA2547B1-1844-4F43-88F5-E1FF44AE9191}.Release|ARM.Deploy.0 = Release|Any CPU
		{BA2547B1-1844-4F43-88F5-E1FF44AE9191}.Release|iPhone.ActiveCfg = Release|Any CPU
		{BA2547B1-1844-4F43-88F5-E1FF44AE9191}.Release|iPhone.Build.0 = Release|Any CPU
		{BA2547B1-1844-4F43-88F5-E1FF44AE9191}.Release|iPhone.Deploy.0 = Release|Any CPU
		{BA2547B1-1844-4F43-88F5-E1FF44AE9191}.Release|iPhoneSimulator.ActiveCfg = Release|Any CPU
		{BA2547B1-1844-4F43-88F5-E1FF44AE9191}.Release|iPhoneSimulator.Build.0 = Release|Any CPU
		{BA2547B1-1844-4F43-88F5-E1FF44AE9191}.Release|iPhoneSimulator.Deploy.0 = Release|Any CPU
		{BA2547B1-1844-4F43-88F5-E1FF44AE9191}.Release|WP device.ActiveCfg = Release|Any CPU
		{BA2547B1-1844-4F43-88F5-E1FF44AE9191}.Release|WP device.Build.0 = Release|Any CPU
		{BA2547B1-1844-4F43-88F5-E1FF44AE9191}.Release|WP device.Deploy.0 = Release|Any CPU
		{BA2547B1-1844-4F43-88F5-E1FF44AE9191}.Release|WP SIM.ActiveCfg = Release|Any CPU
		{BA2547B1-1844-4F43-88F5-E1FF44AE9191}.Release|WP SIM.Build.0 = Release|Any CPU
		{BA2547B1-1844-4F43-88F5-E1FF44AE9191}.Release|WP SIM.Deploy.0 = Release|Any CPU
		{BA2547B1-1844-4F43-88F5-E1FF44AE9191}.Release|x86.ActiveCfg = Release|x86
		{BA2547B1-1844-4F43-88F5-E1FF44AE9191}.Release|x86.Build.0 = Release|x86
		{BA2547B1-1844-4F43-88F5-E1FF44AE9191}.Release|x86.Deploy.0 = Release|x86
		{04CEEB80-33DC-480C-86FA-68DC0FE84966}.AppStore|Any CPU.ActiveCfg = AppStore|iPhoneSimulator
		{04CEEB80-33DC-480C-86FA-68DC0FE84966}.AppStore|ARM.ActiveCfg = AppStore|iPhone
		{04CEEB80-33DC-480C-86FA-68DC0FE84966}.AppStore|iPhone.ActiveCfg = AppStore|iPhone
		{04CEEB80-33DC-480C-86FA-68DC0FE84966}.AppStore|iPhone.Build.0 = AppStore|iPhone
		{04CEEB80-33DC-480C-86FA-68DC0FE84966}.AppStore|iPhoneSimulator.ActiveCfg = AppStore|iPhone
		{04CEEB80-33DC-480C-86FA-68DC0FE84966}.AppStore|iPhoneSimulator.Build.0 = AppStore|iPhone
		{04CEEB80-33DC-480C-86FA-68DC0FE84966}.AppStore|WP device.ActiveCfg = AppStore|iPhone
		{04CEEB80-33DC-480C-86FA-68DC0FE84966}.AppStore|WP SIM.ActiveCfg = AppStore|iPhone
		{04CEEB80-33DC-480C-86FA-68DC0FE84966}.AppStore|x86.ActiveCfg = AppStore|iPhone
		{04CEEB80-33DC-480C-86FA-68DC0FE84966}.Debug|Any CPU.ActiveCfg = Debug|iPhoneSimulator
		{04CEEB80-33DC-480C-86FA-68DC0FE84966}.Debug|ARM.ActiveCfg = Debug|iPhone
		{04CEEB80-33DC-480C-86FA-68DC0FE84966}.Debug|iPhone.ActiveCfg = Debug|iPhone
		{04CEEB80-33DC-480C-86FA-68DC0FE84966}.Debug|iPhone.Build.0 = Debug|iPhone
		{04CEEB80-33DC-480C-86FA-68DC0FE84966}.Debug|iPhoneSimulator.ActiveCfg = Debug|iPhoneSimulator
		{04CEEB80-33DC-480C-86FA-68DC0FE84966}.Debug|iPhoneSimulator.Build.0 = Debug|iPhoneSimulator
		{04CEEB80-33DC-480C-86FA-68DC0FE84966}.Debug|iPhoneSimulator.Deploy.0 = Debug|iPhoneSimulator
		{04CEEB80-33DC-480C-86FA-68DC0FE84966}.Debug|WP device.ActiveCfg = Debug|iPhone
		{04CEEB80-33DC-480C-86FA-68DC0FE84966}.Debug|WP SIM.ActiveCfg = Debug|iPhone
		{04CEEB80-33DC-480C-86FA-68DC0FE84966}.Debug|x86.ActiveCfg = Debug|iPhone
		{04CEEB80-33DC-480C-86FA-68DC0FE84966}.Release|Any CPU.ActiveCfg = Release|iPhoneSimulator
		{04CEEB80-33DC-480C-86FA-68DC0FE84966}.Release|ARM.ActiveCfg = Release|iPhone
		{04CEEB80-33DC-480C-86FA-68DC0FE84966}.Release|iPhone.ActiveCfg = Release|iPhone
		{04CEEB80-33DC-480C-86FA-68DC0FE84966}.Release|iPhone.Build.0 = Release|iPhone
		{04CEEB80-33DC-480C-86FA-68DC0FE84966}.Release|iPhoneSimulator.ActiveCfg = Release|iPhone
		{04CEEB80-33DC-480C-86FA-68DC0FE84966}.Release|iPhoneSimulator.Build.0 = Release|iPhone
		{04CEEB80-33DC-480C-86FA-68DC0FE84966}.Release|WP device.ActiveCfg = Release|iPhone
		{04CEEB80-33DC-480C-86FA-68DC0FE84966}.Release|WP SIM.ActiveCfg = Release|iPhone
		{04CEEB80-33DC-480C-86FA-68DC0FE84966}.Release|x86.ActiveCfg = Release|iPhone
		{3706A3E0-2808-4287-A7C3-C90B52D6F17A}.AppStore|Any CPU.ActiveCfg = Debug|Any CPU
		{3706A3E0-2808-4287-A7C3-C90B52D6F17A}.AppStore|Any CPU.Build.0 = Debug|Any CPU
		{3706A3E0-2808-4287-A7C3-C90B52D6F17A}.AppStore|Any CPU.Deploy.0 = Debug|Any CPU
		{3706A3E0-2808-4287-A7C3-C90B52D6F17A}.AppStore|ARM.ActiveCfg = Release|ARM
		{3706A3E0-2808-4287-A7C3-C90B52D6F17A}.AppStore|ARM.Build.0 = Release|ARM
		{3706A3E0-2808-4287-A7C3-C90B52D6F17A}.AppStore|ARM.Deploy.0 = Release|ARM
		{3706A3E0-2808-4287-A7C3-C90B52D6F17A}.AppStore|iPhone.ActiveCfg = Debug|Any CPU
		{3706A3E0-2808-4287-A7C3-C90B52D6F17A}.AppStore|iPhone.Build.0 = Debug|Any CPU
		{3706A3E0-2808-4287-A7C3-C90B52D6F17A}.AppStore|iPhone.Deploy.0 = Debug|Any CPU
		{3706A3E0-2808-4287-A7C3-C90B52D6F17A}.AppStore|iPhoneSimulator.ActiveCfg = Debug|Any CPU
		{3706A3E0-2808-4287-A7C3-C90B52D6F17A}.AppStore|iPhoneSimulator.Build.0 = Debug|Any CPU
		{3706A3E0-2808-4287-A7C3-C90B52D6F17A}.AppStore|iPhoneSimulator.Deploy.0 = Debug|Any CPU
		{3706A3E0-2808-4287-A7C3-C90B52D6F17A}.AppStore|WP device.ActiveCfg = Release|x86
		{3706A3E0-2808-4287-A7C3-C90B52D6F17A}.AppStore|WP device.Build.0 = Release|x86
		{3706A3E0-2808-4287-A7C3-C90B52D6F17A}.AppStore|WP device.Deploy.0 = Release|x86
		{3706A3E0-2808-4287-A7C3-C90B52D6F17A}.AppStore|WP SIM.ActiveCfg = Release|x86
		{3706A3E0-2808-4287-A7C3-C90B52D6F17A}.AppStore|WP SIM.Build.0 = Release|x86
		{3706A3E0-2808-4287-A7C3-C90B52D6F17A}.AppStore|WP SIM.Deploy.0 = Release|x86
		{3706A3E0-2808-4287-A7C3-C90B52D6F17A}.AppStore|x86.ActiveCfg = Debug|x86
		{3706A3E0-2808-4287-A7C3-C90B52D6F17A}.AppStore|x86.Build.0 = Debug|x86
		{3706A3E0-2808-4287-A7C3-C90B52D6F17A}.AppStore|x86.Deploy.0 = Debug|x86
		{3706A3E0-2808-4287-A7C3-C90B52D6F17A}.Debug|Any CPU.ActiveCfg = Debug|ARM
		{3706A3E0-2808-4287-A7C3-C90B52D6F17A}.Debug|Any CPU.Build.0 = Debug|ARM
		{3706A3E0-2808-4287-A7C3-C90B52D6F17A}.Debug|Any CPU.Deploy.0 = Debug|ARM
		{3706A3E0-2808-4287-A7C3-C90B52D6F17A}.Debug|ARM.ActiveCfg = Debug|ARM
		{3706A3E0-2808-4287-A7C3-C90B52D6F17A}.Debug|ARM.Build.0 = Debug|ARM
		{3706A3E0-2808-4287-A7C3-C90B52D6F17A}.Debug|iPhone.ActiveCfg = Debug|Any CPU
		{3706A3E0-2808-4287-A7C3-C90B52D6F17A}.Debug|iPhoneSimulator.ActiveCfg = Debug|Any CPU
		{3706A3E0-2808-4287-A7C3-C90B52D6F17A}.Debug|WP device.ActiveCfg = Debug|ARM
		{3706A3E0-2808-4287-A7C3-C90B52D6F17A}.Debug|WP device.Build.0 = Debug|ARM
		{3706A3E0-2808-4287-A7C3-C90B52D6F17A}.Debug|WP device.Deploy.0 = Debug|ARM
		{3706A3E0-2808-4287-A7C3-C90B52D6F17A}.Debug|WP SIM.ActiveCfg = Debug|x86
		{3706A3E0-2808-4287-A7C3-C90B52D6F17A}.Debug|WP SIM.Build.0 = Debug|x86
		{3706A3E0-2808-4287-A7C3-C90B52D6F17A}.Debug|WP SIM.Deploy.0 = Debug|x86
		{3706A3E0-2808-4287-A7C3-C90B52D6F17A}.Debug|x86.ActiveCfg = Debug|x86
		{3706A3E0-2808-4287-A7C3-C90B52D6F17A}.Debug|x86.Build.0 = Debug|x86
		{3706A3E0-2808-4287-A7C3-C90B52D6F17A}.Debug|x86.Deploy.0 = Debug|x86
		{3706A3E0-2808-4287-A7C3-C90B52D6F17A}.Release|Any CPU.ActiveCfg = Release|ARM
		{3706A3E0-2808-4287-A7C3-C90B52D6F17A}.Release|Any CPU.Build.0 = Release|ARM
		{3706A3E0-2808-4287-A7C3-C90B52D6F17A}.Release|Any CPU.Deploy.0 = Release|ARM
		{3706A3E0-2808-4287-A7C3-C90B52D6F17A}.Release|ARM.ActiveCfg = Release|ARM
		{3706A3E0-2808-4287-A7C3-C90B52D6F17A}.Release|ARM.Build.0 = Release|ARM
		{3706A3E0-2808-4287-A7C3-C90B52D6F17A}.Release|ARM.Deploy.0 = Release|ARM
		{3706A3E0-2808-4287-A7C3-C90B52D6F17A}.Release|iPhone.ActiveCfg = Release|Any CPU
		{3706A3E0-2808-4287-A7C3-C90B52D6F17A}.Release|iPhone.Build.0 = Release|Any CPU
		{3706A3E0-2808-4287-A7C3-C90B52D6F17A}.Release|iPhone.Deploy.0 = Release|Any CPU
		{3706A3E0-2808-4287-A7C3-C90B52D6F17A}.Release|iPhoneSimulator.ActiveCfg = Release|Any CPU
		{3706A3E0-2808-4287-A7C3-C90B52D6F17A}.Release|iPhoneSimulator.Build.0 = Release|Any CPU
		{3706A3E0-2808-4287-A7C3-C90B52D6F17A}.Release|iPhoneSimulator.Deploy.0 = Release|Any CPU
		{3706A3E0-2808-4287-A7C3-C90B52D6F17A}.Release|WP device.ActiveCfg = Release|x86
		{3706A3E0-2808-4287-A7C3-C90B52D6F17A}.Release|WP device.Build.0 = Release|x86
		{3706A3E0-2808-4287-A7C3-C90B52D6F17A}.Release|WP device.Deploy.0 = Release|x86
		{3706A3E0-2808-4287-A7C3-C90B52D6F17A}.Release|WP SIM.ActiveCfg = Release|x86
		{3706A3E0-2808-4287-A7C3-C90B52D6F17A}.Release|WP SIM.Build.0 = Release|x86
		{3706A3E0-2808-4287-A7C3-C90B52D6F17A}.Release|WP SIM.Deploy.0 = Release|x86
		{3706A3E0-2808-4287-A7C3-C90B52D6F17A}.Release|x86.ActiveCfg = Release|x86
		{3706A3E0-2808-4287-A7C3-C90B52D6F17A}.Release|x86.Build.0 = Release|x86
		{3706A3E0-2808-4287-A7C3-C90B52D6F17A}.Release|x86.Deploy.0 = Release|x86
		{E8E7E865-ACE5-4F41-8FC1-696E84C3026B}.AppStore|Any CPU.ActiveCfg = Debug|Any CPU
		{E8E7E865-ACE5-4F41-8FC1-696E84C3026B}.AppStore|Any CPU.Build.0 = Debug|Any CPU
		{E8E7E865-ACE5-4F41-8FC1-696E84C3026B}.AppStore|ARM.ActiveCfg = Release|Any CPU
		{E8E7E865-ACE5-4F41-8FC1-696E84C3026B}.AppStore|ARM.Build.0 = Release|Any CPU
		{E8E7E865-ACE5-4F41-8FC1-696E84C3026B}.AppStore|iPhone.ActiveCfg = Debug|Any CPU
		{E8E7E865-ACE5-4F41-8FC1-696E84C3026B}.AppStore|iPhone.Build.0 = Debug|Any CPU
		{E8E7E865-ACE5-4F41-8FC1-696E84C3026B}.AppStore|iPhoneSimulator.ActiveCfg = Debug|Any CPU
		{E8E7E865-ACE5-4F41-8FC1-696E84C3026B}.AppStore|iPhoneSimulator.Build.0 = Debug|Any CPU
		{E8E7E865-ACE5-4F41-8FC1-696E84C3026B}.AppStore|WP device.ActiveCfg = Release|Any CPU
		{E8E7E865-ACE5-4F41-8FC1-696E84C3026B}.AppStore|WP device.Build.0 = Release|Any CPU
		{E8E7E865-ACE5-4F41-8FC1-696E84C3026B}.AppStore|WP SIM.ActiveCfg = Release|Any CPU
		{E8E7E865-ACE5-4F41-8FC1-696E84C3026B}.AppStore|WP SIM.Build.0 = Release|Any CPU
		{E8E7E865-ACE5-4F41-8FC1-696E84C3026B}.AppStore|x86.ActiveCfg = Release|Any CPU
		{E8E7E865-ACE5-4F41-8FC1-696E84C3026B}.AppStore|x86.Build.0 = Release|Any CPU
		{E8E7E865-ACE5-4F41-8FC1-696E84C3026B}.Debug|Any CPU.ActiveCfg = Debug|Any CPU
		{E8E7E865-ACE5-4F41-8FC1-696E84C3026B}.Debug|Any CPU.Build.0 = Debug|Any CPU
		{E8E7E865-ACE5-4F41-8FC1-696E84C3026B}.Debug|ARM.ActiveCfg = Debug|Any CPU
		{E8E7E865-ACE5-4F41-8FC1-696E84C3026B}.Debug|ARM.Build.0 = Debug|Any CPU
		{E8E7E865-ACE5-4F41-8FC1-696E84C3026B}.Debug|iPhone.ActiveCfg = Debug|Any CPU
		{E8E7E865-ACE5-4F41-8FC1-696E84C3026B}.Debug|iPhone.Build.0 = Debug|Any CPU
		{E8E7E865-ACE5-4F41-8FC1-696E84C3026B}.Debug|iPhoneSimulator.ActiveCfg = Debug|Any CPU
		{E8E7E865-ACE5-4F41-8FC1-696E84C3026B}.Debug|iPhoneSimulator.Build.0 = Debug|Any CPU
		{E8E7E865-ACE5-4F41-8FC1-696E84C3026B}.Debug|WP device.ActiveCfg = Debug|Any CPU
		{E8E7E865-ACE5-4F41-8FC1-696E84C3026B}.Debug|WP device.Build.0 = Debug|Any CPU
		{E8E7E865-ACE5-4F41-8FC1-696E84C3026B}.Debug|WP SIM.ActiveCfg = Debug|Any CPU
		{E8E7E865-ACE5-4F41-8FC1-696E84C3026B}.Debug|WP SIM.Build.0 = Debug|Any CPU
		{E8E7E865-ACE5-4F41-8FC1-696E84C3026B}.Debug|x86.ActiveCfg = Debug|Any CPU
		{E8E7E865-ACE5-4F41-8FC1-696E84C3026B}.Debug|x86.Build.0 = Debug|Any CPU
		{E8E7E865-ACE5-4F41-8FC1-696E84C3026B}.Release|Any CPU.ActiveCfg = Release|Any CPU
		{E8E7E865-ACE5-4F41-8FC1-696E84C3026B}.Release|Any CPU.Build.0 = Release|Any CPU
		{E8E7E865-ACE5-4F41-8FC1-696E84C3026B}.Release|ARM.ActiveCfg = Release|Any CPU
		{E8E7E865-ACE5-4F41-8FC1-696E84C3026B}.Release|ARM.Build.0 = Release|Any CPU
		{E8E7E865-ACE5-4F41-8FC1-696E84C3026B}.Release|iPhone.ActiveCfg = Release|Any CPU
		{E8E7E865-ACE5-4F41-8FC1-696E84C3026B}.Release|iPhone.Build.0 = Release|Any CPU
		{E8E7E865-ACE5-4F41-8FC1-696E84C3026B}.Release|iPhoneSimulator.ActiveCfg = Release|Any CPU
		{E8E7E865-ACE5-4F41-8FC1-696E84C3026B}.Release|iPhoneSimulator.Build.0 = Release|Any CPU
		{E8E7E865-ACE5-4F41-8FC1-696E84C3026B}.Release|WP device.ActiveCfg = Release|Any CPU
		{E8E7E865-ACE5-4F41-8FC1-696E84C3026B}.Release|WP device.Build.0 = Release|Any CPU
		{E8E7E865-ACE5-4F41-8FC1-696E84C3026B}.Release|WP SIM.ActiveCfg = Release|Any CPU
		{E8E7E865-ACE5-4F41-8FC1-696E84C3026B}.Release|WP SIM.Build.0 = Release|Any CPU
		{E8E7E865-ACE5-4F41-8FC1-696E84C3026B}.Release|x86.ActiveCfg = Release|Any CPU
		{E8E7E865-ACE5-4F41-8FC1-696E84C3026B}.Release|x86.Build.0 = Release|Any CPU
		{5E64581E-DC55-4001-86DB-2E85792D88A7}.AppStore|Any CPU.ActiveCfg = Debug|Any CPU
		{5E64581E-DC55-4001-86DB-2E85792D88A7}.AppStore|Any CPU.Build.0 = Debug|Any CPU
		{5E64581E-DC55-4001-86DB-2E85792D88A7}.AppStore|ARM.ActiveCfg = Release|Any CPU
		{5E64581E-DC55-4001-86DB-2E85792D88A7}.AppStore|ARM.Build.0 = Release|Any CPU
		{5E64581E-DC55-4001-86DB-2E85792D88A7}.AppStore|iPhone.ActiveCfg = Debug|Any CPU
		{5E64581E-DC55-4001-86DB-2E85792D88A7}.AppStore|iPhone.Build.0 = Debug|Any CPU
		{5E64581E-DC55-4001-86DB-2E85792D88A7}.AppStore|iPhoneSimulator.ActiveCfg = Debug|Any CPU
		{5E64581E-DC55-4001-86DB-2E85792D88A7}.AppStore|iPhoneSimulator.Build.0 = Debug|Any CPU
		{5E64581E-DC55-4001-86DB-2E85792D88A7}.AppStore|WP device.ActiveCfg = Release|Any CPU
		{5E64581E-DC55-4001-86DB-2E85792D88A7}.AppStore|WP device.Build.0 = Release|Any CPU
		{5E64581E-DC55-4001-86DB-2E85792D88A7}.AppStore|WP SIM.ActiveCfg = Release|Any CPU
		{5E64581E-DC55-4001-86DB-2E85792D88A7}.AppStore|WP SIM.Build.0 = Release|Any CPU
		{5E64581E-DC55-4001-86DB-2E85792D88A7}.AppStore|x86.ActiveCfg = Release|Any CPU
		{5E64581E-DC55-4001-86DB-2E85792D88A7}.AppStore|x86.Build.0 = Release|Any CPU
		{5E64581E-DC55-4001-86DB-2E85792D88A7}.Debug|Any CPU.ActiveCfg = Debug|Any CPU
		{5E64581E-DC55-4001-86DB-2E85792D88A7}.Debug|Any CPU.Build.0 = Debug|Any CPU
		{5E64581E-DC55-4001-86DB-2E85792D88A7}.Debug|ARM.ActiveCfg = Debug|Any CPU
		{5E64581E-DC55-4001-86DB-2E85792D88A7}.Debug|ARM.Build.0 = Debug|Any CPU
		{5E64581E-DC55-4001-86DB-2E85792D88A7}.Debug|iPhone.ActiveCfg = Debug|Any CPU
		{5E64581E-DC55-4001-86DB-2E85792D88A7}.Debug|iPhoneSimulator.ActiveCfg = Debug|Any CPU
		{5E64581E-DC55-4001-86DB-2E85792D88A7}.Debug|WP device.ActiveCfg = Debug|Any CPU
		{5E64581E-DC55-4001-86DB-2E85792D88A7}.Debug|WP device.Build.0 = Debug|Any CPU
		{5E64581E-DC55-4001-86DB-2E85792D88A7}.Debug|WP SIM.ActiveCfg = Debug|Any CPU
		{5E64581E-DC55-4001-86DB-2E85792D88A7}.Debug|x86.ActiveCfg = Debug|Any CPU
		{5E64581E-DC55-4001-86DB-2E85792D88A7}.Debug|x86.Build.0 = Debug|Any CPU
		{5E64581E-DC55-4001-86DB-2E85792D88A7}.Release|Any CPU.ActiveCfg = Release|Any CPU
		{5E64581E-DC55-4001-86DB-2E85792D88A7}.Release|Any CPU.Build.0 = Release|Any CPU
		{5E64581E-DC55-4001-86DB-2E85792D88A7}.Release|ARM.ActiveCfg = Release|Any CPU
		{5E64581E-DC55-4001-86DB-2E85792D88A7}.Release|ARM.Build.0 = Release|Any CPU
		{5E64581E-DC55-4001-86DB-2E85792D88A7}.Release|iPhone.ActiveCfg = Release|Any CPU
		{5E64581E-DC55-4001-86DB-2E85792D88A7}.Release|iPhone.Build.0 = Release|Any CPU
		{5E64581E-DC55-4001-86DB-2E85792D88A7}.Release|iPhoneSimulator.ActiveCfg = Release|Any CPU
		{5E64581E-DC55-4001-86DB-2E85792D88A7}.Release|iPhoneSimulator.Build.0 = Release|Any CPU
		{5E64581E-DC55-4001-86DB-2E85792D88A7}.Release|WP device.ActiveCfg = Release|Any CPU
		{5E64581E-DC55-4001-86DB-2E85792D88A7}.Release|WP device.Build.0 = Release|Any CPU
		{5E64581E-DC55-4001-86DB-2E85792D88A7}.Release|WP SIM.ActiveCfg = Release|Any CPU
		{5E64581E-DC55-4001-86DB-2E85792D88A7}.Release|WP SIM.Build.0 = Release|Any CPU
		{5E64581E-DC55-4001-86DB-2E85792D88A7}.Release|x86.ActiveCfg = Release|Any CPU
		{5E64581E-DC55-4001-86DB-2E85792D88A7}.Release|x86.Build.0 = Release|Any CPU
		{7A4CFF5F-5467-446F-8352-903CFFBC9B38}.AppStore|Any CPU.ActiveCfg = Release|Any CPU
		{7A4CFF5F-5467-446F-8352-903CFFBC9B38}.AppStore|Any CPU.Build.0 = Release|Any CPU
		{7A4CFF5F-5467-446F-8352-903CFFBC9B38}.AppStore|ARM.ActiveCfg = Release|Any CPU
		{7A4CFF5F-5467-446F-8352-903CFFBC9B38}.AppStore|ARM.Build.0 = Release|Any CPU
		{7A4CFF5F-5467-446F-8352-903CFFBC9B38}.AppStore|iPhone.ActiveCfg = Release|Any CPU
		{7A4CFF5F-5467-446F-8352-903CFFBC9B38}.AppStore|iPhone.Build.0 = Release|Any CPU
		{7A4CFF5F-5467-446F-8352-903CFFBC9B38}.AppStore|iPhoneSimulator.ActiveCfg = Release|Any CPU
		{7A4CFF5F-5467-446F-8352-903CFFBC9B38}.AppStore|iPhoneSimulator.Build.0 = Release|Any CPU
		{7A4CFF5F-5467-446F-8352-903CFFBC9B38}.AppStore|WP device.ActiveCfg = Release|Any CPU
		{7A4CFF5F-5467-446F-8352-903CFFBC9B38}.AppStore|WP device.Build.0 = Release|Any CPU
		{7A4CFF5F-5467-446F-8352-903CFFBC9B38}.AppStore|WP SIM.ActiveCfg = Release|Any CPU
		{7A4CFF5F-5467-446F-8352-903CFFBC9B38}.AppStore|WP SIM.Build.0 = Release|Any CPU
		{7A4CFF5F-5467-446F-8352-903CFFBC9B38}.AppStore|x86.ActiveCfg = Release|Any CPU
		{7A4CFF5F-5467-446F-8352-903CFFBC9B38}.AppStore|x86.Build.0 = Release|Any CPU
		{7A4CFF5F-5467-446F-8352-903CFFBC9B38}.Debug|Any CPU.ActiveCfg = Debug|Any CPU
		{7A4CFF5F-5467-446F-8352-903CFFBC9B38}.Debug|Any CPU.Build.0 = Debug|Any CPU
		{7A4CFF5F-5467-446F-8352-903CFFBC9B38}.Debug|ARM.ActiveCfg = Debug|Any CPU
		{7A4CFF5F-5467-446F-8352-903CFFBC9B38}.Debug|ARM.Build.0 = Debug|Any CPU
		{7A4CFF5F-5467-446F-8352-903CFFBC9B38}.Debug|iPhone.ActiveCfg = Debug|Any CPU
		{7A4CFF5F-5467-446F-8352-903CFFBC9B38}.Debug|iPhone.Build.0 = Debug|Any CPU
		{7A4CFF5F-5467-446F-8352-903CFFBC9B38}.Debug|iPhoneSimulator.ActiveCfg = Debug|Any CPU
		{7A4CFF5F-5467-446F-8352-903CFFBC9B38}.Debug|iPhoneSimulator.Build.0 = Debug|Any CPU
		{7A4CFF5F-5467-446F-8352-903CFFBC9B38}.Debug|WP device.ActiveCfg = Debug|Any CPU
		{7A4CFF5F-5467-446F-8352-903CFFBC9B38}.Debug|WP device.Build.0 = Debug|Any CPU
		{7A4CFF5F-5467-446F-8352-903CFFBC9B38}.Debug|WP SIM.ActiveCfg = Debug|Any CPU
		{7A4CFF5F-5467-446F-8352-903CFFBC9B38}.Debug|WP SIM.Build.0 = Debug|Any CPU
		{7A4CFF5F-5467-446F-8352-903CFFBC9B38}.Debug|x86.ActiveCfg = Debug|Any CPU
		{7A4CFF5F-5467-446F-8352-903CFFBC9B38}.Debug|x86.Build.0 = Debug|Any CPU
		{7A4CFF5F-5467-446F-8352-903CFFBC9B38}.Release|Any CPU.ActiveCfg = Release|Any CPU
		{7A4CFF5F-5467-446F-8352-903CFFBC9B38}.Release|Any CPU.Build.0 = Release|Any CPU
		{7A4CFF5F-5467-446F-8352-903CFFBC9B38}.Release|ARM.ActiveCfg = Release|Any CPU
		{7A4CFF5F-5467-446F-8352-903CFFBC9B38}.Release|ARM.Build.0 = Release|Any CPU
		{7A4CFF5F-5467-446F-8352-903CFFBC9B38}.Release|iPhone.ActiveCfg = Release|Any CPU
		{7A4CFF5F-5467-446F-8352-903CFFBC9B38}.Release|iPhone.Build.0 = Release|Any CPU
		{7A4CFF5F-5467-446F-8352-903CFFBC9B38}.Release|iPhoneSimulator.ActiveCfg = Release|Any CPU
		{7A4CFF5F-5467-446F-8352-903CFFBC9B38}.Release|iPhoneSimulator.Build.0 = Release|Any CPU
		{7A4CFF5F-5467-446F-8352-903CFFBC9B38}.Release|WP device.ActiveCfg = Release|Any CPU
		{7A4CFF5F-5467-446F-8352-903CFFBC9B38}.Release|WP device.Build.0 = Release|Any CPU
		{7A4CFF5F-5467-446F-8352-903CFFBC9B38}.Release|WP SIM.ActiveCfg = Release|Any CPU
		{7A4CFF5F-5467-446F-8352-903CFFBC9B38}.Release|WP SIM.Build.0 = Release|Any CPU
		{7A4CFF5F-5467-446F-8352-903CFFBC9B38}.Release|x86.ActiveCfg = Release|Any CPU
		{7A4CFF5F-5467-446F-8352-903CFFBC9B38}.Release|x86.Build.0 = Release|Any CPU
	EndGlobalSection
	GlobalSection(SolutionProperties) = preSolution
		HideSolutionNode = FALSE
	EndGlobalSection
EndGlobal
